
Microsoft Visual Studio Solution File, Format Version 12.00
# Visual Studio Version 17
VisualStudioVersion = 17.9.34622.214
MinimumVisualStudioVersion = 10.0.40219.1
Project("{9A19103F-16F7-4668-BE54-9A1E7A4F7556}") = "MVC", "MVC\MVC.csproj", "{525BF285-0189-4E0A-A6FD-23AF6DE8080D}"
EndProject
Project("{9A19103F-16F7-4668-BE54-9A1E7A4F7556}") = "Services", "Services\Services.csproj", "{E76D45D4-DA9F-4686-9F39-4A19C9CF5616}"
EndProject
Project("{9A19103F-16F7-4668-BE54-9A1E7A4F7556}") = "DataAccess", "DataAccess\DataAccess.csproj", "{4C60FF97-B207-409B-904C-E9A8CE312DE5}"
EndProject
Project("{FAE04EC0-301F-11D3-BF4B-00C04F79EFBC}") = "Domain", "Domain\Domain.csproj", "{0D3B621A-BAD3-48FF-8DF4-230265D9476B}"
EndProject
Global
	GlobalSection(SolutionConfigurationPlatforms) = preSolution
		Debug|Any CPU = Debug|Any CPU
		Release|Any CPU = Release|Any CPU
	EndGlobalSection
	GlobalSection(ProjectConfigurationPlatforms) = postSolution
		{525BF285-0189-4E0A-A6FD-23AF6DE8080D}.Debug|Any CPU.ActiveCfg = Debug|Any CPU
		{525BF285-0189-4E0A-A6FD-23AF6DE8080D}.Debug|Any CPU.Build.0 = Debug|Any CPU
		{525BF285-0189-4E0A-A6FD-23AF6DE8080D}.Release|Any CPU.ActiveCfg = Release|Any CPU
		{525BF285-0189-4E0A-A6FD-23AF6DE8080D}.Release|Any CPU.Build.0 = Release|Any CPU
		{E76D45D4-DA9F-4686-9F39-4A19C9CF5616}.Debug|Any CPU.ActiveCfg = Debug|Any CPU
		{E76D45D4-DA9F-4686-9F39-4A19C9CF5616}.Debug|Any CPU.Build.0 = Debug|Any CPU
		{E76D45D4-DA9F-4686-9F39-4A19C9CF5616}.Release|Any CPU.ActiveCfg = Release|Any CPU
		{E76D45D4-DA9F-4686-9F39-4A19C9CF5616}.Release|Any CPU.Build.0 = Release|Any CPU
		{4C60FF97-B207-409B-904C-E9A8CE312DE5}.Debug|Any CPU.ActiveCfg = Debug|Any CPU
		{4C60FF97-B207-409B-904C-E9A8CE312DE5}.Debug|Any CPU.Build.0 = Debug|Any CPU
		{4C60FF97-B207-409B-904C-E9A8CE312DE5}.Release|Any CPU.ActiveCfg = Release|Any CPU
		{4C60FF97-B207-409B-904C-E9A8CE312DE5}.Release|Any CPU.Build.0 = Release|Any CPU
		{0D3B621A-BAD3-48FF-8DF4-230265D9476B}.Debug|Any CPU.ActiveCfg = Debug|Any CPU
		{0D3B621A-BAD3-48FF-8DF4-230265D9476B}.Debug|Any CPU.Build.0 = Debug|Any CPU
		{0D3B621A-BAD3-48FF-8DF4-230265D9476B}.Release|Any CPU.ActiveCfg = Release|Any CPU
		{0D3B621A-BAD3-48FF-8DF4-230265D9476B}.Release|Any CPU.Build.0 = Release|Any CPU
	EndGlobalSection
	GlobalSection(SolutionProperties) = preSolution
		HideSolutionNode = FALSE
	EndGlobalSection
	GlobalSection(ExtensibilityGlobals) = postSolution
		SolutionGuid = {0602338D-992B-4CE9-9F52-7F39782050EE}
	EndGlobalSection
EndGlobal
